github.com/mudphilo/rpc v0.0.0-20221102134157-6fc1b5c9f37e h1:KPdgwiYnZJopBVewh/WqAE9R3vov/Qf6VOtF4gw2u0o=
github.com/mudphilo/rpc v0.0.0-20221102134157-6fc1b5c9f37e/go.mod h1:TcxqYYAmweYvnMWrMwGbhBe0b0PbgeQbjbM1vxJrhqo=
github.com/rogpeppe/go-charset v0.0.0-20190617161244-0dc95cdf6f31 h1:DE4LcMKyqAVa6a0CGmVxANbnVb7stzMmPkQiieyNmfQ=
github.com/rogpeppe/go-charset v0.0.0-20190617161244-0dc95cdf6f31/go.mod h1:qgYeAmZ5ZIpBWTGllZSQnw97Dj+woV0toclVaRGI8pc=
